
Microsoft Visual Studio Solution File, Format Version 12.00
# Visual Studio Version 17
VisualStudioVersion = 17.12.35527.113
MinimumVisualStudioVersion = 10.0.40219.1
Project("{2150E333-8FDC-42A3-9474-1A3956D46DE8}") = "Services", "Services", "{2E2BDB40-5B7B-433E-92B6-97969D7F7A44}"
EndProject
Project("{2150E333-8FDC-42A3-9474-1A3956D46DE8}") = "Catalog", "Catalog", "{623DD5AC-F9A2-4C75-A3D9-CE474A3F0C52}"
EndProject
Project("{FAE04EC0-301F-11D3-BF4B-00C04F79EFBC}") = "Catalog.API", "Services\Catalog\Catalog.API\Catalog.API.csproj", "{4EDCD008-D8AC-4986-B968-90F2662CA052}"
EndProject
Project("{2150E333-8FDC-42A3-9474-1A3956D46DE8}") = "BuildingBlocks", "BuildingBlocks", "{6FC750DA-F5EE-4924-BE7B-43D68D3E846B}"
EndProject
Project("{FAE04EC0-301F-11D3-BF4B-00C04F79EFBC}") = "BuildingBlocks", "BuildingBlocks\BuildingBlocks\BuildingBlocks.csproj", "{151D9CF2-9FD3-476B-9338-5288144239FE}"
EndProject
Global
	GlobalSection(SolutionConfigurationPlatforms) = preSolution
		Debug|Any CPU = Debug|Any CPU
		Release|Any CPU = Release|Any CPU
	EndGlobalSection
	GlobalSection(ProjectConfigurationPlatforms) = postSolution
		{4EDCD008-D8AC-4986-B968-90F2662CA052}.Debug|Any CPU.ActiveCfg = Debug|Any CPU
		{4EDCD008-D8AC-4986-B968-90F2662CA052}.Debug|Any CPU.Build.0 = Debug|Any CPU
		{4EDCD008-D8AC-4986-B968-90F2662CA052}.Release|Any CPU.ActiveCfg = Release|Any CPU
		{4EDCD008-D8AC-4986-B968-90F2662CA052}.Release|Any CPU.Build.0 = Release|Any CPU
		{151D9CF2-9FD3-476B-9338-5288144239FE}.Debug|Any CPU.ActiveCfg = Debug|Any CPU
		{151D9CF2-9FD3-476B-9338-5288144239FE}.Debug|Any CPU.Build.0 = Debug|Any CPU
		{151D9CF2-9FD3-476B-9338-5288144239FE}.Release|Any CPU.ActiveCfg = Release|Any CPU
		{151D9CF2-9FD3-476B-9338-5288144239FE}.Release|Any CPU.Build.0 = Release|Any CPU
	EndGlobalSection
	GlobalSection(SolutionProperties) = preSolution
		HideSolutionNode = FALSE
	EndGlobalSection
	GlobalSection(NestedProjects) = preSolution
		{623DD5AC-F9A2-4C75-A3D9-CE474A3F0C52} = {2E2BDB40-5B7B-433E-92B6-97969D7F7A44}
		{4EDCD008-D8AC-4986-B968-90F2662CA052} = {623DD5AC-F9A2-4C75-A3D9-CE474A3F0C52}
		{151D9CF2-9FD3-476B-9338-5288144239FE} = {6FC750DA-F5EE-4924-BE7B-43D68D3E846B}
	EndGlobalSection
EndGlobal
